Microsoft Visual Studio Solution File, Format Version 11.00
# Visual Studio 2008

Project("{BD7EF03F-7061-6F0A-5B06-ACF150C629CD}") = "iRecki Table", "Assembly-CSharp.csproj", "{29D21769-F14B-08A6-5470-9295E778BE39}"
EndProject
Project("{BD7EF03F-7061-6F0A-5B06-ACF150C629CD}") = "iRecki Table", "Assembly-CSharp-Editor.csproj", "{A19BEC87-8178-DB6D-9B84-020A4679DF23}"
EndProject
Global
	GlobalSection(SolutionConfigurationPlatforms) = preSolution
		Debug|Any CPU = Debug|Any CPU
		Release|Any CPU = Release|Any CPU
	EndGlobalSection
	GlobalSection(ProjectConfigurationPlatforms) = postSolution
		{29D21769-F14B-08A6-5470-9295E778BE39}.Debug|Any CPU.ActiveCfg = Debug|Any CPU
		{29D21769-F14B-08A6-5470-9295E778BE39}.Debug|Any CPU.Build.0 = Debug|Any CPU
		{29D21769-F14B-08A6-5470-9295E778BE39}.Release|Any CPU.ActiveCfg = Release|Any CPU
		{29D21769-F14B-08A6-5470-9295E778BE39}.Release|Any CPU.Build.0 = Release|Any CPU
		{A19BEC87-8178-DB6D-9B84-020A4679DF23}.Debug|Any CPU.ActiveCfg = Debug|Any CPU
		{A19BEC87-8178-DB6D-9B84-020A4679DF23}.Debug|Any CPU.Build.0 = Debug|Any CPU
		{A19BEC87-8178-DB6D-9B84-020A4679DF23}.Release|Any CPU.ActiveCfg = Release|Any CPU
		{A19BEC87-8178-DB6D-9B84-020A4679DF23}.Release|Any CPU.Build.0 = Release|Any CPU
	EndGlobalSection
	GlobalSection(SolutionProperties) = preSolution
		HideSolutionNode = FALSE
	EndGlobalSection
																																																											GlobalSection(MonoDevelopProperties) = preSolution
		StartupItem = Assembly-CSharp.csproj
		Policies = $0
		$0.TextStylePolicy = $1
		$1.inheritsSet = null
		$1.scope = text/x-csharp
		$0.CSharpFormattingPolicy = $2
		$2.inheritsSet = Mono
		$2.inheritsScope = text/x-csharp
		$2.scope = text/x-csharp
		$0.TextStylePolicy = $3
		$3.FileWidth = 120
		$3.TabWidth = 4
		$3.EolMarker = Unix
		$3.inheritsSet = Mono
		$3.inheritsScope = text/plain
		$3.scope = text/plain
	EndGlobalSection

EndGlobal
